version = 1
revision = 3
requires-python = ">=3.8"
resolution-markers = [
    "python_full_version >= '3.9'",
    "python_full_version < '3.9'",
]

[[package]]
name = "magic-case"
version = "0.1.0"
source = { editable = "." }
dependencies = [
    { name = "pydantic" },
]

[package.metadata]
requires-dist = [{ name = "pydantic", specifier = ">=1.10,<2" }]

[[package]]
name = "pydantic"
version = "1.10.22"
source = { registry = "https://pypi.org/simple" }
dependencies = [
    { name = "typing-extensions", version = "4.13.2", source = { registry = "https://pypi.org/simple" }, marker = "python_full_version < '3.9'" },
    { name = "typing-extensions", version = "4.14.1", source = { registry = "https://pypi.org/simple" }, marker = "python_full_version >= '3.9'" },
]
sdist = { url = "https://files.pythonhosted.org/packages/9a/57/5996c63f0deec09e9e901a2b838247c97c6844999562eac4e435bcb83938/pydantic-1.10.22.tar.gz", hash = "sha256:ee1006cebd43a8e7158fb7190bb8f4e2da9649719bff65d0c287282ec38dec6d", size = 356771, upload-time = "2025-04-24T13:38:43.605Z" }
wheels = [
    { url = "https://files.pythonhosted.org/packages/88/92/91eb5c75a1460292e1f2f3e577122574ebb942fbac19ad2369ff00b9eb24/pydantic-1.10.22-cp310-cp310-macosx_10_9_x86_64.whl", hash = "sha256:57889565ccc1e5b7b73343329bbe6198ebc472e3ee874af2fa1865cfe7048228", size = 2852481, upload-time = "2025-04-24T13:36:55.045Z" },
    { url = "https://files.pythonhosted.org/packages/08/f3/dd54b49fc5caaed06f5a0d0a5ec35a81cf722cd6b42455f408dad1ef3f7d/pydantic-1.10.22-cp310-cp310-macosx_11_0_arm64.whl", hash = "sha256:90729e22426de79bc6a3526b4c45ec4400caf0d4f10d7181ba7f12c01bb3897d", size = 2585586, upload-time = "2025-04-24T13:36:58.453Z" },
    { url = "https://files.pythonhosted.org/packages/ec/9b/48d10180cc614ffb66da486e99bc1f8b639fb44edf322864f2fb161e2351/pydantic-1.10.22-cp310-cp310-manylinux_2_17_x86_64.manylinux2014_x86_64.whl", hash = "sha256:8f8684d347f351554ec94fdcb507983d3116dc4577fb8799fed63c65869a2d10", size = 3336974, upload-time = "2025-04-24T13:37:00.652Z" },
    { url = "https://files.pythonhosted.org/packages/ff/80/b55ad0029ae8e7b8b5c81ad7c4e800774a52107d26f70c6696857dc733d5/pydantic-1.10.22-cp310-cp310-manylinux_2_5_i686.manylinux1_i686.manylinux_2_17_i686.manylinux2014_i686.whl", hash = "sha256:c8dad498ceff2d9ef1d2e2bc6608f5b59b8e1ba2031759b22dfb8c16608e1802", size = 3362338, upload-time = "2025-04-24T13:37:02.42Z" },
    { url = "https://files.pythonhosted.org/packages/65/e0/8a5cd2cd29a5632581ba466f5792194b2a568aa052ce9da9ba98b634debf/pydantic-1.10.22-cp310-cp310-musllinux_1_2_i686.whl", hash = "sha256:fac529cc654d4575cf8de191cce354b12ba705f528a0a5c654de6d01f76cd818", size = 3519505, upload-time = "2025-04-24T13:37:04.322Z" },
    { url = "https://files.pythonhosted.org/packages/38/c5/c776d03ec374f22860802b2cee057b41e866be3c80826b53d4c001692db3/pydantic-1.10.22-cp310-cp310-musllinux_1_2_x86_64.whl", hash = "sha256:4148232aded8dd1dd13cf910a01b32a763c34bd79a0ab4d1ee66164fcb0b7b9d", size = 3485878, upload-time = "2025-04-24T13:37:06.102Z" },
    { url = "https://files.pythonhosted.org/packages/d1/a2/1efd064513a2c1bcb5c2b0e022cdf77d132ef7f7f20d91bb439d759f6a88/pydantic-1.10.22-cp310-cp310-win_amd64.whl", hash = "sha256:ece68105d9e436db45d8650dc375c760cc85a6793ae019c08769052902dca7db", size = 2299673, upload-time = "2025-04-24T13:37:07.969Z" },
    { url = "https://files.pythonhosted.org/packages/42/03/e435ed85a9abda29e3fbdb49c572fe4131a68c6daf3855a01eebda9e1b27/pydantic-1.10.22-cp311-cp311-macosx_10_9_x86_64.whl", hash = "sha256:8e530a8da353f791ad89e701c35787418605d35085f4bdda51b416946070e938", size = 2845682, upload-time = "2025-04-24T13:37:10.142Z" },
    { url = "https://files.pythonhosted.org/packages/72/ea/4a625035672f6c06d3f1c7e33aa0af6bf1929991e27017e98b9c2064ae0b/pydantic-1.10.22-cp311-cp311-macosx_11_0_arm64.whl", hash = "sha256:654322b85642e9439d7de4c83cb4084ddd513df7ff8706005dada43b34544946", size = 2553286, upload-time = "2025-04-24T13:37:11.946Z" },
    { url = "https://files.pythonhosted.org/packages/a4/f0/424ad837746e69e9f061ba9be68c2a97aef7376d1911692904d8efbcd322/pydantic-1.10.22-cp311-cp311-manylinux_2_17_x86_64.manylinux2014_x86_64.whl", hash = "sha256:a8bece75bd1b9fc1c32b57a32831517943b1159ba18b4ba32c0d431d76a120ae", size = 3141232, upload-time = "2025-04-24T13:37:14.394Z" },
    { url = "https://files.pythonhosted.org/packages/14/67/4979c19e8cfd092085a292485e0b42d74e4eeefbb8cd726aa8ba38d06294/pydantic-1.10.22-cp311-cp311-manylinux_2_5_i686.manylinux1_i686.manylinux_2_17_i686.manylinux2014_i686.whl", hash = "sha256:eccb58767f13c6963dcf96d02cb8723ebb98b16692030803ac075d2439c07b0f", size = 3214272, upload-time = "2025-04-24T13:37:16.201Z" },
    { url = "https://files.pythonhosted.org/packages/1a/04/32339ce43e97519d19e7759902515c750edbf4832a13063a4ab157f83f42/pydantic-1.10.22-cp311-cp311-musllinux_1_2_i686.whl", hash = "sha256:7778e6200ff8ed5f7052c1516617423d22517ad36cc7a3aedd51428168e3e5e8", size = 3321646, upload-time = "2025-04-24T13:37:19.086Z" },
    { url = "https://files.pythonhosted.org/packages/92/35/dffc1b29cb7198aadab68d75447191e59bdbc1f1d2d51826c9a4460d372f/pydantic-1.10.22-cp311-cp311-musllinux_1_2_x86_64.whl", hash = "sha256:bffe02767d27c39af9ca7dc7cd479c00dda6346bb62ffc89e306f665108317a2", size = 3244258, upload-time = "2025-04-24T13:37:20.929Z" },
    { url = "https://files.pythonhosted.org/packages/11/c5/c4ce6ebe7f528a879441eabd2c6dd9e2e4c54f320a8c9344ba93b3aa8701/pydantic-1.10.22-cp311-cp311-win_amd64.whl", hash = "sha256:23bc19c55427091b8e589bc08f635ab90005f2dc99518f1233386f46462c550a", size = 2309702, upload-time = "2025-04-24T13:37:23.296Z" },
    { url = "https://files.pythonhosted.org/packages/f6/a3/ec66239ed7c9e90edfb85b23b6b18eb290ed7aa05f54837cdcb6a14faa98/pydantic-1.10.22-cp312-cp312-macosx_10_13_x86_64.whl", hash = "sha256:92d0f97828a075a71d9efc65cf75db5f149b4d79a38c89648a63d2932894d8c9", size = 2794865, upload-time = "2025-04-24T13:37:25.087Z" },
    { url = "https://files.pythonhosted.org/packages/49/6a/99cf3fee612d93210c85f45a161e98c1c5b45b6dcadb21c9f1f838fa9e28/pydantic-1.10.22-cp312-cp312-macosx_11_0_arm64.whl", hash = "sha256:6af5a2811b6b95b58b829aeac5996d465a5f0c7ed84bd871d603cf8646edf6ff", size = 2534212, upload-time = "2025-04-24T13:37:26.848Z" },
    { url = "https://files.pythonhosted.org/packages/f1/e6/0f8882775cd9a60b221103ee7d6a89e10eb5a892d877c398df0da7140704/pydantic-1.10.22-cp312-cp312-manylinux_2_17_x86_64.manylinux2014_x86_64.whl", hash = "sha256:6cf06d8d40993e79af0ab2102ef5da77b9ddba51248e4cb27f9f3f591fbb096e", size = 2994027, upload-time = "2025-04-24T13:37:28.683Z" },
    { url = "https://files.pythonhosted.org/packages/e7/a3/f20fdecbaa2a2721a6a8ee9e4f344d1f72bd7d56e679371c3f2be15eb8c8/pydantic-1.10.22-cp312-cp312-manylinux_2_5_i686.manylinux1_i686.manylinux_2_17_i686.manylinux2014_i686.whl", hash = "sha256:184b7865b171a6057ad97f4a17fbac81cec29bd103e996e7add3d16b0d95f609", size = 3036716, upload-time = "2025-04-24T13:37:30.547Z" },
    { url = "https://files.pythonhosted.org/packages/1f/83/dab34436d830c38706685acc77219fc2a209fea2a2301a1b05a2865b28bf/pydantic-1.10.22-cp312-cp312-musllinux_1_2_i686.whl", hash = "sha256:923ad861677ab09d89be35d36111156063a7ebb44322cdb7b49266e1adaba4bb", size = 3171801, upload-time = "2025-04-24T13:37:32.474Z" },
    { url = "https://files.pythonhosted.org/packages/1e/6e/b64deccb8a7304d584088972437ea3091e9d99d27a8e7bf2bd08e29ae84e/pydantic-1.10.22-cp312-cp312-musllinux_1_2_x86_64.whl", hash = "sha256:82d9a3da1686443fb854c8d2ab9a473251f8f4cdd11b125522efb4d7c646e7bc", size = 3123560, upload-time = "2025-04-24T13:37:34.855Z" },
    { url = "https://files.pythonhosted.org/packages/08/9a/90d1ab704329a7ae8666354be84b5327d655764003974364767c9d307d3a/pydantic-1.10.22-cp312-cp312-win_amd64.whl", hash = "sha256:1612604929af4c602694a7f3338b18039d402eb5ddfbf0db44f1ebfaf07f93e7", size = 2191378, upload-time = "2025-04-24T13:37:36.649Z" },
    { url = "https://files.pythonhosted.org/packages/47/8f/67befe3607b342dd6eb80237134ebcc6e8db42138609306eaf2b30e1f273/pydantic-1.10.22-cp313-cp313-macosx_10_13_x86_64.whl", hash = "sha256:b259dc89c9abcd24bf42f31951fb46c62e904ccf4316393f317abeeecda39978", size = 2797042, upload-time = "2025-04-24T13:37:38.753Z" },
    { url = "https://files.pythonhosted.org/packages/aa/91/bfde7d301f8e1c4cff949b3f1eb2c9b27bdd4b2368da0fe88e7350bbe4bc/pydantic-1.10.22-cp313-cp313-macosx_11_0_arm64.whl", hash = "sha256:9238aa0964d80c0908d2f385e981add58faead4412ca80ef0fa352094c24e46d", size = 2538572, upload-time = "2025-04-24T13:37:41.653Z" },
    { url = "https://files.pythonhosted.org/packages/d7/ce/1b0097ece420354df77d2f01c72278fb43770c8ed732d6b7a303c0c70875/pydantic-1.10.22-cp313-cp313-manylinux_2_17_x86_64.manylinux2014_x86_64.whl", hash = "sha256:6f8029f05b04080e3f1a550575a1bca747c0ea4be48e2d551473d47fd768fc1b", size = 2986271, upload-time = "2025-04-24T13:37:43.551Z" },
    { url = "https://files.pythonhosted.org/packages/eb/4c/e257edfd5a0025a428aee7a2835e21b51c76a6b1c8994bcccb14d5721eea/pydantic-1.10.22-cp313-cp313-manylinux_2_5_i686.manylinux1_i686.manylinux_2_17_i686.manylinux2014_i686.whl", hash = "sha256:5c06918894f119e0431a36c9393bc7cceeb34d1feeb66670ef9b9ca48c073937", size = 3015617, upload-time = "2025-04-24T13:37:45.466Z" },
    { url = "https://files.pythonhosted.org/packages/00/17/ecf46ff31fd62d382424a07ed60540d4479094204bebeebb6dea597e88c3/pydantic-1.10.22-cp313-cp313-musllinux_1_2_i686.whl", hash = "sha256:e205311649622ee8fc1ec9089bd2076823797f5cd2c1e3182dc0e12aab835b35", size = 3164222, upload-time = "2025-04-24T13:37:47.35Z" },
    { url = "https://files.pythonhosted.org/packages/1a/47/2d55ec452c9a87347234bbbc70df268e1f081154b1851f0db89638558a1c/pydantic-1.10.22-cp313-cp313-musllinux_1_2_x86_64.whl", hash = "sha256:815f0a73d5688d6dd0796a7edb9eca7071bfef961a7b33f91e618822ae7345b7", size = 3117572, upload-time = "2025-04-24T13:37:49.339Z" },
    { url = "https://files.pythonhosted.org/packages/03/2f/30359a36245b029bec7e442dd780fc242c66e66ad7dd5b50af2dcfd41ff3/pydantic-1.10.22-cp313-cp313-win_amd64.whl", hash = "sha256:9dfce71d42a5cde10e78a469e3d986f656afc245ab1b97c7106036f088dd91f8", size = 2174666, upload-time = "2025-04-24T13:37:51.114Z" },
    { url = "https://files.pythonhosted.org/packages/d6/f7/5e48d4edbc95371b67eaa470d70fe6488619b029f90159c3acc564e37f0b/pydantic-1.10.22-cp38-cp38-macosx_10_9_x86_64.whl", hash = "sha256:e3f33d1358aa4bc2795208cc29ff3118aeaad0ea36f0946788cf7cadeccc166b", size = 2560769, upload-time = "2025-04-24T13:38:06.184Z" },
    { url = "https://files.pythonhosted.org/packages/e1/b5/16bab549dd302cfacbf213eb48fe47faf0b848f98ff49c87cf75d7fb7a2e/pydantic-1.10.22-cp38-cp38-macosx_11_0_arm64.whl", hash = "sha256:813f079f9cd136cac621f3f9128a4406eb8abd2ad9fdf916a0731d91c6590017", size = 2361835, upload-time = "2025-04-24T13:38:08.907Z" },
    { url = "https://files.pythonhosted.org/packages/12/3c/07a38ca076b619c7e5d84db1fbecabca8359720b531846225f093e6086bc/pydantic-1.10.22-cp38-cp38-manylinux_2_17_x86_64.manylinux2014_x86_64.whl", hash = "sha256:ab618ab8dca6eac7f0755db25f6aba3c22c40e3463f85a1c08dc93092d917704", size = 3170283, upload-time = "2025-04-24T13:38:11.755Z" },
    { url = "https://files.pythonhosted.org/packages/42/2f/d2afc906b797df62563947bcd2b821cf891b333747eed8c4980685501a01/pydantic-1.10.22-cp38-cp38-manylinux_2_5_i686.manylinux1_i686.manylinux_2_17_i686.manylinux2014_i686.whl", hash = "sha256:d128e1aaa38db88caca920d5822c98fc06516a09a58b6d3d60fa5ea9099b32cc", size = 3215363, upload-time = "2025-04-24T13:38:14.75Z" },
    { url = "https://files.pythonhosted.org/packages/22/5b/90014b62103d270e4873707e289427c4481d122475ff007f428f811ada2f/pydantic-1.10.22-cp38-cp38-musllinux_1_2_i686.whl", hash = "sha256:cc97bbc25def7025e55fc9016080773167cda2aad7294e06a37dda04c7d69ece", size = 3379293, upload-time = "2025-04-24T13:38:17.083Z" },
    { url = "https://files.pythonhosted.org/packages/a4/b3/32338a42c895ae203de32919e4010e3c42c9fb20fd4e895bb27437d54258/pydantic-1.10.22-cp38-cp38-musllinux_1_2_x86_64.whl", hash = "sha256:0dda5d7157d543b1fa565038cae6e952549d0f90071c839b3740fb77c820fab8", size = 3314657, upload-time = "2025-04-24T13:38:19.373Z" },
    { url = "https://files.pythonhosted.org/packages/44/b5/fda4029395b4877ca5b7abee5417d2f315c78cab0a377378a7c3a9680497/pydantic-1.10.22-cp38-cp38-win_amd64.whl", hash = "sha256:a093fe44fe518cb445d23119511a71f756f8503139d02fcdd1173f7b76c95ffe", size = 2334648, upload-time = "2025-04-24T13:38:21.537Z" },
    { url = "https://files.pythonhosted.org/packages/01/6f/9658e94018bc7c4e71863fb0f1ea8d30f8b3439e17df7aa710b2bb72dbca/pydantic-1.10.22-cp39-cp39-macosx_10_9_x86_64.whl", hash = "sha256:ec54c89b2568b258bb30d7348ac4d82bec1b58b377fb56a00441e2ac66b24587", size = 2854460, upload-time = "2025-04-24T13:38:23.753Z" },
    { url = "https://files.pythonhosted.org/packages/b8/b3/5184ec7d3423a37c193ffaeced03921f4c34d226f3c6852653784f37d38b/pydantic-1.10.22-cp39-cp39-macosx_11_0_arm64.whl", hash = "sha256:d8f1d1a1532e4f3bcab4e34e8d2197a7def4b67072acd26cfa60e92d75803a48", size = 2587418, upload-time = "2025-04-24T13:38:26.449Z" },
    { url = "https://files.pythonhosted.org/packages/90/25/27d769c5dc7491df5faebfc49a26f83ca2e070a9a788c67fde4c4e51d68b/pydantic-1.10.22-cp39-cp39-manylinux_2_17_x86_64.manylinux2014_x86_64.whl", hash = "sha256:8ad83ca35508c27eae1005b6b61f369f78aae6d27ead2135ec156a2599910121", size = 3331289, upload-time = "2025-04-24T13:38:29.262Z" },
    { url = "https://files.pythonhosted.org/packages/ed/18/7abe334d3d4de02ef2bbcc079a5782c53b868572b8d74aef2927d4f5b125/pydantic-1.10.22-cp39-cp39-manylinux_2_5_i686.manylinux1_i686.manylinux_2_17_i686.manylinux2014_i686.whl", hash = "sha256:53cdb44b78c420f570ff16b071ea8cd5a477635c6b0efc343c8a91e3029bbf1a", size = 3361613, upload-time = "2025-04-24T13:38:31.575Z" },
    { url = "https://files.pythonhosted.org/packages/68/95/6e649d14718969582ed35d1d70cb24a1ee825c65bec51e3275849d5aab8a/pydantic-1.10.22-cp39-cp39-musllinux_1_2_i686.whl", hash = "sha256:16d0a5ae9d98264186ce31acdd7686ec05fd331fab9d68ed777d5cb2d1514e5e", size = 3520268, upload-time = "2025-04-24T13:38:33.835Z" },
    { url = "https://files.pythonhosted.org/packages/e9/87/eb3408e1c040a6d9f703e089d26a723d6c41f23a192e86bd7584d037d576/pydantic-1.10.22-cp39-cp39-musllinux_1_2_x86_64.whl", hash = "sha256:8aee040e25843f036192b1a1af62117504a209a043aa8db12e190bb86ad7e611", size = 3483434, upload-time = "2025-04-24T13:38:36.078Z" },
    { url = "https://files.pythonhosted.org/packages/a8/13/ec2e52439137768d1bb0d4955b890f788c23f4aab2cfe9eef9e2b55584de/pydantic-1.10.22-cp39-cp39-win_amd64.whl", hash = "sha256:7f691eec68dbbfca497d3c11b92a3e5987393174cbedf03ec7a4184c35c2def6", size = 2301586, upload-time = "2025-04-24T13:38:39.351Z" },
    { url = "https://files.pythonhosted.org/packages/e9/e0/1ed151a56869be1588ad2d8cda9f8c1d95b16f74f09a7cea879ca9b63a8b/pydantic-1.10.22-py3-none-any.whl", hash = "sha256:343037d608bcbd34df937ac259708bfc83664dadf88afe8516c4f282d7d471a9", size = 166503, upload-time = "2025-04-24T13:38:41.374Z" },
]

[[package]]
name = "typing-extensions"
version = "4.13.2"
source = { registry = "https://pypi.org/simple" }
resolution-markers = [
    "python_full_version < '3.9'",
]
sdist = { url = "https://files.pythonhosted.org/packages/f6/37/23083fcd6e35492953e8d2aaaa68b860eb422b34627b13f2ce3eb6106061/typing_extensions-4.13.2.tar.gz", hash = "sha256:e6c81219bd689f51865d9e372991c540bda33a0379d5573cddb9a3a23f7caaef", size = 106967, upload-time = "2025-04-10T14:19:05.416Z" }
wheels = [
    { url = "https://files.pythonhosted.org/packages/8b/54/b1ae86c0973cc6f0210b53d508ca3641fb6d0c56823f288d108bc7ab3cc8/typing_extensions-4.13.2-py3-none-any.whl", hash = "sha256:a439e7c04b49fec3e5d3e2beaa21755cadbbdc391694e28ccdd36ca4a1408f8c", size = 45806, upload-time = "2025-04-10T14:19:03.967Z" },
]

[[package]]
name = "typing-extensions"
version = "4.14.1"
source = { registry = "https://pypi.org/simple" }
resolution-markers = [
    "python_full_version >= '3.9'",
]
sdist = { url = "https://files.pythonhosted.org/packages/98/5a/da40306b885cc8c09109dc2e1abd358d5684b1425678151cdaed4731c822/typing_extensions-4.14.1.tar.gz", hash = "sha256:38b39f4aeeab64884ce9f74c94263ef78f3c22467c8724005483154c26648d36", size = 107673, upload-time = "2025-07-04T13:28:34.16Z" }
wheels = [
    { url = "https://files.pythonhosted.org/packages/b5/00/d631e67a838026495268c2f6884f3711a15a9a2a96cd244fdaea53b823fb/typing_extensions-4.14.1-py3-none-any.whl", hash = "sha256:d1e1e3b58374dc93031d6eda2420a48ea44a36c2b4766a4fdeb3710755731d76", size = 43906, upload-time = "2025-07-04T13:28:32.743Z" },
]
